
Microsoft Visual Studio Solution File, Format Version 12.00
# Visual Studio Version 17
VisualStudioVersion = 17.3.32901.215
MinimumVisualStudioVersion = 10.0.40219.1
Project("{8BC9CEB8-8B4A-11D0-8D11-00A0C91BC942}") = "lab_7.1_1", "lab_7.1_1\lab_7.1_1.vcxproj", "{BF96285F-6F95-4CDA-BE9D-73B03F010FC6}"
EndProject
Project("{8BC9CEB8-8B4A-11D0-8D11-00A0C91BC942}") = "UnitTest1", "UnitTest1\UnitTest1.vcxproj", "{EC81EC7B-3D41-4F48-B73B-E456E6D912B2}"
EndProject
Global
	GlobalSection(SolutionConfigurationPlatforms) = preSolution
		Debug|x64 = Debug|x64
		Debug|x86 = Debug|x86
		Release|x64 = Release|x64
		Release|x86 = Release|x86
	EndGlobalSection
	GlobalSection(ProjectConfigurationPlatforms) = postSolution
		{BF96285F-6F95-4CDA-BE9D-73B03F010FC6}.Debug|x64.ActiveCfg = Debug|x64
		{BF96285F-6F95-4CDA-BE9D-73B03F010FC6}.Debug|x64.Build.0 = Debug|x64
		{BF96285F-6F95-4CDA-BE9D-73B03F010FC6}.Debug|x86.ActiveCfg = Debug|Win32
		{BF96285F-6F95-4CDA-BE9D-73B03F010FC6}.Debug|x86.Build.0 = Debug|Win32
		{BF96285F-6F95-4CDA-BE9D-73B03F010FC6}.Release|x64.ActiveCfg = Release|x64
		{BF96285F-6F95-4CDA-BE9D-73B03F010FC6}.Release|x64.Build.0 = Release|x64
		{BF96285F-6F95-4CDA-BE9D-73B03F010FC6}.Release|x86.ActiveCfg = Release|Win32
		{BF96285F-6F95-4CDA-BE9D-73B03F010FC6}.Release|x86.Build.0 = Release|Win32
		{EC81EC7B-3D41-4F48-B73B-E456E6D912B2}.Debug|x64.ActiveCfg = Debug|x64
		{EC81EC7B-3D41-4F48-B73B-E456E6D912B2}.Debug|x64.Build.0 = Debug|x64
		{EC81EC7B-3D41-4F48-B73B-E456E6D912B2}.Debug|x86.ActiveCfg = Debug|Win32
		{EC81EC7B-3D41-4F48-B73B-E456E6D912B2}.Debug|x86.Build.0 = Debug|Win32
		{EC81EC7B-3D41-4F48-B73B-E456E6D912B2}.Release|x64.ActiveCfg = Release|x64
		{EC81EC7B-3D41-4F48-B73B-E456E6D912B2}.Release|x64.Build.0 = Release|x64
		{EC81EC7B-3D41-4F48-B73B-E456E6D912B2}.Release|x86.ActiveCfg = Release|Win32
		{EC81EC7B-3D41-4F48-B73B-E456E6D912B2}.Release|x86.Build.0 = Release|Win32
	EndGlobalSection
	GlobalSection(SolutionProperties) = preSolution
		HideSolutionNode = FALSE
	EndGlobalSection
	GlobalSection(ExtensibilityGlobals) = postSolution
		SolutionGuid = {9FCA592D-4050-408A-AF02-545CE8C5CCCD}
	EndGlobalSection
EndGlobal
